// !$*UTF8*$!
{
	archiveVersion = 1;
	classes = {
	};
	objectVersion = 50;
	objects = {

/* Begin PBXBuildFile section */
		111C9A89248C8B7000A76401 /* AppDelegate.swift in Sources */ = {isa = PBXBuildFile; fileRef = 111C9A88248C8B7000A76401 /* AppDelegate.swift */; };
		111C9A8B248C8B7000A76401 /* SceneDelegate.swift in Sources */ = {isa = PBXBuildFile; fileRef = 111C9A8A248C8B7000A76401 /* SceneDelegate.swift */; };
		111C9A8D248C8B7000A76401 /* ViewController.swift in Sources */ = {isa = PBXBuildFile; fileRef = 111C9A8C248C8B7000A76401 /* ViewController.swift */; };
		111C9A90248C8B7000A76401 /* Main.storyboard in Resources */ = {isa = PBXBuildFile; fileRef = 111C9A8E248C8B7000A76401 /* Main.storyboard */; };
		111C9A92248C8B7300A76401 /* Assets.xcassets in Resources */ = {isa = PBXBuildFile; fileRef = 111C9A91248C8B7300A76401 /* Assets.xcassets */; };
		111C9A95248C8B7300A76401 /* LaunchScreen.storyboard in Resources */ = {isa = PBXBuildFile; fileRef = 111C9A93248C8B7300A76401 /* LaunchScreen.storyboard */; };
/* End PBXBuildFile section */

/* Begin PBXFileReference section */
		111C9A85248C8B7000A76401 /* ThisFlower.app */ = {isa = PBXFileReference; explicitFileType = wrapper.application; includeInIndex = 0; path = ThisFlower.app; sourceTree = BUILT_PRODUCTS_DIR; };
		111C9A88248C8B7000A76401 /* AppDelegate.swift */ = {isa = PBXFileReference; lastKnownFileType = sourcecode.swift; path = AppDelegate.swift; sourceTree = "<group>"; };
		111C9A8A248C8B7000A76401 /* SceneDelegate.swift */ = {isa = PBXFileReference; lastKnownFileType = sourcecode.swift; path = SceneDelegate.swift; sourceTree = "<group>"; };
		111C9A8C248C8B7000A76401 /* ViewController.swift */ = {isa = PBXFileReference; lastKnownFileType = sourcecode.swift; path = ViewController.swift; sourceTree = "<group>"; };
		111C9A8F248C8B7000A76401 /* Base */ = {isa = PBXFileReference; lastKnownFileType = file.storyboard; name = Base; path = Base.lproj/Main.storyboard; sourceTree = "<group>"; };
		111C9A91248C8B7300A76401 /* Assets.xcassets */ = {isa = PBXFileReference; lastKnownFileType = folder.assetcatalog; path = Assets.xcassets; sourceTree = "<group>"; };
		111C9A94248C8B7300A76401 /* Base */ = {isa = PBXFileReference; lastKnownFileType = file.storyboard; name = Base; path = Base.lproj/LaunchScreen.storyboard; sourceTree = "<group>"; };
		111C9A96248C8B7300A76401 /* Info.plist */ = {isa = PBXFileReference; lastKnownFileType = text.plist.xml; path = Info.plist; sourceTree = "<group>"; };
/* End PBXFileReference section */

/* Begin PBXFrameworksBuildPhase section */
		111C9A82248C8B7000A76401 /* Frameworks */ = {
			isa = PBXFrameworksBuildPhase;
			buildActionMask = 2147483647;
			files = (
			);
			runOnlyForDeploymentPostprocessing = 0;
		};
/* End PBXFrameworksBuildPhase section */

/* Begin PBXGroup section */
		111C9A7C248C8B7000A76401 = {
			isa = PBXGroup;
			children = (
				111C9A87248C8B7000A76401 /* ThisFlower */,
				111C9A86248C8B7000A76401 /* Products */,
			);
			sourceTree = "<group>";
		};
		111C9A86248C8B7000A76401 /* Products */ = {
			isa = PBXGroup;
			children = (
				111C9A85248C8B7000A76401 /* ThisFlower.app */,
			);
			name = Products;
			sourceTree = "<group>";
		};
		111C9A87248C8B7000A76401 /* ThisFlower */ = {
			isa = PBXGroup;
			children = (
				111C9A88248C8B7000A76401 /* AppDelegate.swift */,
				111C9A8A248C8B7000A76401 /* SceneDelegate.swift */,
				111C9A8C248C8B7000A76401 /* ViewController.swift */,
				111C9A8E248C8B7000A76401 /* Main.storyboard */,
				111C9A91248C8B7300A76401 /* Assets.xcassets */,
				111C9A93248C8B7300A76401 /* LaunchScreen.storyboard */,
				111C9A96248C8B7300A76401 /* Info.plist */,
			);
			path = ThisFlower;
			sourceTree = "<group>";
		};
/* End PBXGroup section */

/* Begin PBXNativeTarget section */
		111C9A84248C8B7000A76401 /* ThisFlower */ = {
			isa = PBXNativeTarget;
			buildConfigurationList = 111C9A99248C8B7300A76401 /* Build configuration list for PBXNativeTarget "ThisFlower" */;
			buildPhases = (
				111C9A81248C8B7000A76401 /* Sources */,
				111C9A82248C8B7000A76401 /* Frameworks */,
				111C9A83248C8B7000A76401 /* Resources */,
			);
			buildRules = (
			);
			dependencies = (
			);
			name = ThisFlower;
			productName = ThisFlower;
			productReference = 111C9A85248C8B7000A76401 /* ThisFlower.app */;
			productType = "com.apple.product-type.application";
		};
/* End PBXNativeTarget section */

/* Begin PBXProject section */
		111C9A7D248C8B7000A76401 /* Project object */ = {
			isa = PBXProject;
			attributes = {
				LastSwiftUpdateCheck = 1150;
				LastUpgradeCheck = 1150;
				ORGANIZATIONNAME = "Jagdev Singh Jhajj";
				TargetAttributes = {
					111C9A84248C8B7000A76401 = {
						CreatedOnToolsVersion = 11.5;
					};
				};
			};
			buildConfigurationList = 111C9A80248C8B7000A76401 /* Build configuration list for PBXProject "ThisFlower" */;
			compatibilityVersion = "Xcode 9.3";
			developmentRegion = en;
			hasScannedForEncodings = 0;
			knownRegions = (
				en,
				Base,
			);
			mainGroup = 111C9A7C248C8B7000A76401;
			productRefGroup = 111C9A86248C8B7000A76401 /* Products */;
			projectDirPath = "";
			projectRoot = "";
			targets = (
				111C9A84248C8B7000A76401 /* ThisFlower */,
			);
		};
/* End PBXProject section */

/* Begin PBXResourcesBuildPhase section */
		111C9A83248C8B7000A76401 /* Resources */ = {
			isa = PBXResourcesBuildPhase;
			buildActionMask = 2147483647;
			files = (
				111C9A95248C8B7300A76401 /* LaunchScreen.storyboard in Resources */,
				111C9A92248C8B7300A76401 /* Assets.xcassets in Resources */,
				111C9A90248C8B7000A76401 /* Main.storyboard in Resources */,
			);
			runOnlyForDeploymentPostprocessing = 0;
		};
/* End PBXResourcesBuildPhase section */

/* Begin PBXSourcesBuildPhase section */
		111C9A81248C8B7000A76401 /* Sources */ = {
			isa = PBXSourcesBuildPhase;
			buildActionMask = 2147483647;
			files = (
				111C9A8D248C8B7000A76401 /* ViewController.swift in Sources */,
				111C9A89248C8B7000A76401 /* AppDelegate.swift in Sources */,
				111C9A8B248C8B7000A76401 /* SceneDelegate.swift in Sources */,
			);
			runOnlyForDeploymentPostprocessing = 0;
		};
/* End PBXSourcesBuildPhase section */

/* Begin PBXVariantGroup section */
		111C9A8E248C8B7000A76401 /* Main.storyboard */ = {
			isa = PBXVariantGroup;
			children = (
				111C9A8F248C8B7000A76401 /* Base */,
			);
			name = Main.storyboard;
			sourceTree = "<group>";
		};
		111C9A93248C8B7300A76401 /* LaunchScreen.storyboard */ = {
			isa = PBXVariantGroup;
			children = (
				111C9A94248C8B7300A76401 /* Base */,
			);
			name = LaunchScreen.storyboard;
			sourceTree = "<group>";
		};
/* End PBXVariantGroup section */

/* Begin XCBuildConfiguration section */
		111C9A97248C8B7300A76401 /* Debug */ = {
			isa = XCBuildConfiguration;
			buildSettings = {
				ALWAYS_SEARCH_USER_PATHS = NO;
				CLANG_ANALYZER_NONNULL = YES;
				CLANG_ANALYZER_NUMBER_OBJECT_CONVERSION = YES_AGGRESSIVE;
				CLANG_CXX_LANGUAGE_STANDARD = "gnu++14";
				CLANG_CXX_LIBRARY = "libc++";
				CLANG_ENABLE_MODULES = YES;
				CLANG_ENABLE_OBJC_ARC = YES;
				CLANG_ENABLE_OBJC_WEAK = YES;
				CLANG_WARN_BLOCK_CAPTURE_AUTORELEASING = YES;
				CLANG_WARN_BOOL_CONVERSION = YES;
				CLANG_WARN_COMMA = YES;
				CLANG_WARN_CONSTANT_CONVERSION = YES;
				CLANG_WARN_DEPRECATED_OBJC_IMPLEMENTATIONS = YES;
				CLANG_WARN_DIRECT_OBJC_ISA_USAGE = YES_ERROR;
				CLANG_WARN_DOCUMENTATION_COMMENTS = YES;
				CLANG_WARN_EMPTY_BODY = YES;
				CLANG_WARN_ENUM_CONVERSION = YES;
				CLANG_WARN_INFINITE_RECURSION = YES;
				CLANG_WARN_INT_CONVERSION = YES;
				CLANG_WARN_NON_LITERAL_NULL_CONVERSION = YES;
				CLANG_WARN_OBJC_IMPLICIT_RETAIN_SELF = YES;
				CLANG_WARN_OBJC_LITERAL_CONVERSION = YES;
				CLANG_WARN_OBJC_ROOT_CLASS = YES_ERROR;
				CLANG_WARN_RANGE_LOOP_ANALYSIS = YES;
				CLANG_WARN_STRICT_PROTOTYPES = YES;
				CLANG_WARN_SUSPICIOUS_MOVE = YES;
				CLANG_WARN_UNGUARDED_AVAILABILITY = YES_AGGRESSIVE;
				CLANG_WARN_UNREACHABLE_CODE = YES;
				CLANG_WARN__DUPLICATE_METHOD_MATCH = YES;
				COPY_PHASE_STRIP = NO;
				DEBUG_INFORMATION_FORMAT = dwarf;
				ENABLE_STRICT_OBJC_MSGSEND = YES;
				ENABLE_TESTABILITY = YES;
				GCC_C_LANGUAGE_STANDARD = gnu11;
				GCC_DYNAMIC_NO_PIC = NO;
				GCC_NO_COMMON_BLOCKS = YES;
				GCC_OPTIMIZATION_LEVEL = 0;
				GCC_PREPROCESSOR_DEFINITIONS = (
					"DEBUG=1",
					"$(inherited)",
				);
				GCC_WARN_64_TO_32_BIT_CONVERSION = YES;
				GCC_WARN_ABOUT_RETURN_TYPE = YES_ERROR;
				GCC_WARN_UNDECLARED_SELECTOR = YES;
				GCC_WARN_UNINITIALIZED_AUTOS = YES_AGGRESSIVE;
				GCC_WARN_UNUSED_FUNCTION = YES;
				GCC_WARN_UNUSED_VARIABLE = YES;
				IPHONEOS_DEPLOYMENT_TARGET = 13.5;
				MTL_ENABLE_DEBUG_INFO = INCLUDE_SOURCE;
				MTL_FAST_MATH = YES;
				ONLY_ACTIVE_ARCH = YES;
				SDKROOT = iphoneos;
				SWIFT_ACTIVE_COMPILATION_CONDITIONS = DEBUG;
				SWIFT_OPTIMIZATION_LEVEL = "-Onone";
			};
			name = Debug;
		};
		111C9A98248C8B7300A76401 /* Release */ = {
			isa = XCBuildConfiguration;
			buildSettings = {
				ALWAYS_SEARCH_USER_PATHS = NO;
				CLANG_ANALYZER_NONNULL = YES;
				CLANG_ANALYZER_NUMBER_OBJECT_CONVERSION = YES_AGGRESSIVE;
				CLANG_CXX_LANGUAGE_STANDARD = "gnu++14";
				CLANG_CXX_LIBRARY = "libc++";
				CLANG_ENABLE_MODULES = YES;
				CLANG_ENABLE_OBJC_ARC = YES;
				CLANG_ENABLE_OBJC_WEAK = YES;
				CLANG_WARN_BLOCK_CAPTURE_AUTORELEASING = YES;
				CLANG_WARN_BOOL_CONVERSION = YES;
				CLANG_WARN_COMMA = YES;
				CLANG_WARN_CONSTANT_CONVERSION = YES;
				CLANG_WARN_DEPRECATED_OBJC_IMPLEMENTATIONS = YES;
				CLANG_WARN_DIRECT_OBJC_ISA_USAGE = YES_ERROR;
				CLANG_WARN_DOCUMENTATION_COMMENTS = YES;
				CLANG_WARN_EMPTY_BODY = YES;
				CLANG_WARN_ENUM_CONVERSION = YES;
				CLANG_WARN_INFINITE_RECURSION = YES;
				CLANG_WARN_INT_CONVERSION = YES;
				CLANG_WARN_NON_LITERAL_NULL_CONVERSION = YES;
				CLANG_WARN_OBJC_IMPLICIT_RETAIN_SELF = YES;
				CLANG_WARN_OBJC_LITERAL_CONVERSION = YES;
				CLANG_WARN_OBJC_ROOT_CLASS = YES_ERROR;
				CLANG_WARN_RANGE_LOOP_ANALYSIS = YES;
				CLANG_WARN_STRICT_PROTOTYPES = YES;
				CLANG_WARN_SUSPICIOUS_MOVE = YES;
				CLANG_WARN_UNGUARDED_AVAILABILITY = YES_AGGRESSIVE;
				CLANG_WARN_UNREACHABLE_CODE = YES;
				CLANG_WARN__DUPLICATE_METHOD_MATCH = YES;
				COPY_PHASE_STRIP = NO;
				DEBUG_INFORMATION_FORMAT = "dwarf-with-dsym";
				ENABLE_NS_ASSERTIONS = NO;
				ENABLE_STRICT_OBJC_MSGSEND = YES;
				GCC_C_LANGUAGE_STANDARD = gnu11;
				GCC_NO_COMMON_BLOCKS = YES;
				GCC_WARN_64_TO_32_BIT_CONVERSION = YES;
				GCC_WARN_ABOUT_RETURN_TYPE = YES_ERROR;
				GCC_WARN_UNDECLARED_SELECTOR = YES;
				GCC_WARN_UNINITIALIZED_AUTOS = YES_AGGRESSIVE;
				GCC_WARN_UNUSED_FUNCTION = YES;
				GCC_WARN_UNUSED_VARIABLE = YES;
				IPHONEOS_DEPLOYMENT_TARGET = 13.5;
				MTL_ENABLE_DEBUG_INFO = NO;
				MTL_FAST_MATH = YES;
				SDKROOT = iphoneos;
				SWIFT_COMPILATION_MODE = wholemodule;
				SWIFT_OPTIMIZATION_LEVEL = "-O";
				VALIDATE_PRODUCT = YES;
			};
			name = Release;
		};
		111C9A9A248C8B7300A76401 /* Debug */ = {
			isa = XCBuildConfiguration;
			buildSettings = {
				ASSETCATALOG_COMPILER_APPICON_NAME = AppIcon;
				CODE_SIGN_STYLE = Automatic;
				DEVELOPMENT_TEAM = FLXJP2HJ2B;
				INFOPLIST_FILE = ThisFlower/Info.plist;
				LD_RUNPATH_SEARCH_PATHS = (
					"$(inherited)",
					"@executable_path/Frameworks",
				);
				PRODUCT_BUNDLE_IDENTIFIER = com.jagdevsinghjhajj.ThisFlower;
				PRODUCT_NAME = "$(TARGET_NAME)";
				SWIFT_VERSION = 5.0;
				TARGETED_DEVICE_FAMILY = "1,2";
			};
			name = Debug;
		};
		111C9A9B248C8B7300A76401 /* Release */ = {
			isa = XCBuildConfiguration;
			buildSettings = {
				ASSETCATALOG_COMPILER_APPICON_NAME = AppIcon;
				CODE_SIGN_STYLE = Automatic;
				DEVELOPMENT_TEAM = FLXJP2HJ2B;
				INFOPLIST_FILE = ThisFlower/Info.plist;
				LD_RUNPATH_SEARCH_PATHS = (
					"$(inherited)",
					"@executable_path/Frameworks",
				);
				PRODUCT_BUNDLE_IDENTIFIER = com.jagdevsinghjhajj.ThisFlower;
				PRODUCT_NAME = "$(TARGET_NAME)";
				SWIFT_VERSION = 5.0;
				TARGETED_DEVICE_FAMILY = "1,2";
			};
			name = Release;
		};
/* End XCBuildConfiguration section */

/* Begin XCConfigurationList section */
		111C9A80248C8B7000A76401 /* Build configuration list for PBXProject "ThisFlower" */ = {
			isa = XCConfigurationList;
			buildConfigurations = (
				111C9A97248C8B7300A76401 /* Debug */,
				111C9A98248C8B7300A76401 /* Release */,
			);
			defaultConfigurationIsVisible = 0;
			defaultConfigurationName = Release;
		};
		111C9A99248C8B7300A76401 /* Build configuration list for PBXNativeTarget "ThisFlower" */ = {
			isa = XCConfigurationList;
			buildConfigurations = (
				111C9A9A248C8B7300A76401 /* Debug */,
				111C9A9B248C8B7300A76401 /* Release */,
			);
			defaultConfigurationIsVisible = 0;
			defaultConfigurationName = Release;
		};
/* End XCConfigurationList section */
	};
	rootObject = 111C9A7D248C8B7000A76401 /* Project object */;
}
